{
  "name": "js-learnings",
  "version": "1.0.0",
  "lockfileVersion": 2,
  "requires": true,
  "packages": {
    "": {
      "name": "js-learnings",
      "version": "1.0.0",
      "license": "MIT",
      "dependencies": {
        "p5": "^0.7.3"
      },
      "devDependencies": {
        "typescript": "^4.6.4"
      }
    },
    "node_modules/p5": {
      "version": "0.7.3",
      "resolved": "https://registry.npmjs.org/p5/-/p5-0.7.3.tgz",
      "integrity": "sha512-Ap0Op/YlbqlBe9BEkpislygOKcID9+i6lbGHcUY/QkgZl21+Jy0GPpw+bLjgURk/wlloLcXGnUDpuGsP0xsx2Q=="
    },
    "node_modules/typescript": {
      "version": "4.6.4",
      "resolved": "https://registry.npmjs.org/typescript/-/typescript-4.6.4.tgz",
      "integrity": "sha512-9ia/jWHIEbo49HfjrLGfKbZSuWo9iTMwXO+Ca3pRsSpbsMbc7/IU8NKdCZVRRBafVPGnoJeFL76ZOAA84I9fEg==",
      "dev": true,
      "bin": {
        "tsc": "bin/tsc",
        "tsserver": "bin/tsserver"
      },
      "engines": {
        "node": ">=4.2.0"
      }
    }
  },
  "dependencies": {
    "p5": {
      "version": "0.7.3",
      "resolved": "https://registry.npmjs.org/p5/-/p5-0.7.3.tgz",
      "integrity": "sha512-Ap0Op/YlbqlBe9BEkpislygOKcID9+i6lbGHcUY/QkgZl21+Jy0GPpw+bLjgURk/wlloLcXGnUDpuGsP0xsx2Q=="
    },
    "typescript": {
      "version": "4.6.4",
      "resolved": "https://registry.npmjs.org/typescript/-/typescript-4.6.4.tgz",
      "integrity": "sha512-9ia/jWHIEbo49HfjrLGfKbZSuWo9iTMwXO+Ca3pRsSpbsMbc7/IU8NKdCZVRRBafVPGnoJeFL76ZOAA84I9fEg==",
      "dev": true
    }
  }
}
